
Microsoft Visual Studio Solution File, Format Version 12.00
# Visual Studio 15
VisualStudioVersion = 15.0.28307.1738
MinimumVisualStudioVersion = 10.0.40219.1
Project("{FAE04EC0-301F-11D3-BF4B-00C04F79EFBC}") = "WEBAPI-MVC-CrudOp", "WEBAPI-MVC-CrudOp\WEBAPI-MVC-CrudOp.csproj", "{593F7A54-1E1C-4D43-81A9-80155DA41C88}"
EndProject
Global
	GlobalSection(SolutionConfigurationPlatforms) = preSolution
		Debug|Any CPU = Debug|Any CPU
		Release|Any CPU = Release|Any CPU
	EndGlobalSection
	GlobalSection(ProjectConfigurationPlatforms) = postSolution
		{593F7A54-1E1C-4D43-81A9-80155DA41C88}.Debug|Any CPU.ActiveCfg = Debug|Any CPU
		{593F7A54-1E1C-4D43-81A9-80155DA41C88}.Debug|Any CPU.Build.0 = Debug|Any CPU
		{593F7A54-1E1C-4D43-81A9-80155DA41C88}.Release|Any CPU.ActiveCfg = Release|Any CPU
		{593F7A54-1E1C-4D43-81A9-80155DA41C88}.Release|Any CPU.Build.0 = Release|Any CPU
	EndGlobalSection
	GlobalSection(SolutionProperties) = preSolution
		HideSolutionNode = FALSE
	EndGlobalSection
	GlobalSection(ExtensibilityGlobals) = postSolution
		SolutionGuid = {10CED54A-ACA1-4F73-81A1-DAC8FF5C06C5}
	EndGlobalSection
EndGlobal
